// !$*UTF8*$!
{
	archiveVersion = 1;
	classes = {
	};
	objectVersion = 46;
	objects = {

/* Begin PBXBuildFile section */
		771D1C051F0B8B2600919413 /* AppDelegate.swift in Sources */ = {isa = PBXBuildFile; fileRef = 771D1C041F0B8B2600919413 /* AppDelegate.swift */; };
		771D1C071F0B8B2600919413 /* ViewController.swift in Sources */ = {isa = PBXBuildFile; fileRef = 771D1C061F0B8B2600919413 /* ViewController.swift */; };
		771D1C091F0B8B2600919413 /* Assets.xcassets in Resources */ = {isa = PBXBuildFile; fileRef = 771D1C081F0B8B2600919413 /* Assets.xcassets */; };
		771D1C0C1F0B8B2600919413 /* Main.storyboard in Resources */ = {isa = PBXBuildFile; fileRef = 771D1C0A1F0B8B2600919413 /* Main.storyboard */; };
/* End PBXBuildFile section */

/* Begin PBXFileReference section */
		771D1C011F0B8B2600919413 /* eightbp-guides.app */ = {isa = PBXFileReference; explicitFileType = wrapper.application; includeInIndex = 0; path = "eightbp-guides.app"; sourceTree = BUILT_PRODUCTS_DIR; };
		771D1C041F0B8B2600919413 /* AppDelegate.swift */ = {isa = PBXFileReference; lastKnownFileType = sourcecode.swift; path = AppDelegate.swift; sourceTree = "<group>"; };
		771D1C061F0B8B2600919413 /* ViewController.swift */ = {isa = PBXFileReference; lastKnownFileType = sourcecode.swift; path = ViewController.swift; sourceTree = "<group>"; };
		771D1C081F0B8B2600919413 /* Assets.xcassets */ = {isa = PBXFileReference; lastKnownFileType = folder.assetcatalog; path = Assets.xcassets; sourceTree = "<group>"; };
		771D1C0B1F0B8B2600919413 /* Base */ = {isa = PBXFileReference; lastKnownFileType = file.storyboard; name = Base; path = Base.lproj/Main.storyboard; sourceTree = "<group>"; };
		771D1C0D1F0B8B2600919413 /* Info.plist */ = {isa = PBXFileReference; lastKnownFileType = text.plist.xml; path = Info.plist; sourceTree = "<group>"; };
/* End PBXFileReference section */

/* Begin PBXFrameworksBuildPhase section */
		771D1BFE1F0B8B2600919413 /* Frameworks */ = {
			isa = PBXFrameworksBuildPhase;
			buildActionMask = 2147483647;
			files = (
			);
			runOnlyForDeploymentPostprocessing = 0;
		};
/* End PBXFrameworksBuildPhase section */

/* Begin PBXGroup section */
		771D1BF81F0B8B2600919413 = {
			isa = PBXGroup;
			children = (
				771D1C031F0B8B2600919413 /* eightbp-guides */,
				771D1C021F0B8B2600919413 /* Products */,
			);
			sourceTree = "<group>";
		};
		771D1C021F0B8B2600919413 /* Products */ = {
			isa = PBXGroup;
			children = (
				771D1C011F0B8B2600919413 /* eightbp-guides.app */,
			);
			name = Products;
			sourceTree = "<group>";
		};
		771D1C031F0B8B2600919413 /* eightbp-guides */ = {
			isa = PBXGroup;
			children = (
				771D1C041F0B8B2600919413 /* AppDelegate.swift */,
				771D1C061F0B8B2600919413 /* ViewController.swift */,
				771D1C081F0B8B2600919413 /* Assets.xcassets */,
				771D1C0A1F0B8B2600919413 /* Main.storyboard */,
				771D1C0D1F0B8B2600919413 /* Info.plist */,
			);
			path = "eightbp-guides";
			sourceTree = "<group>";
		};
/* End PBXGroup section */

/* Begin PBXNativeTarget section */
		771D1C001F0B8B2600919413 /* eightbp-guides */ = {
			isa = PBXNativeTarget;
			buildConfigurationList = 771D1C101F0B8B2600919413 /* Build configuration list for PBXNativeTarget "eightbp-guides" */;
			buildPhases = (
				771D1BFD1F0B8B2600919413 /* Sources */,
				771D1BFE1F0B8B2600919413 /* Frameworks */,
				771D1BFF1F0B8B2600919413 /* Resources */,
			);
			buildRules = (
			);
			dependencies = (
			);
			name = "eightbp-guides";
			productName = "eightbp-guides";
			productReference = 771D1C011F0B8B2600919413 /* eightbp-guides.app */;
			productType = "com.apple.product-type.application";
		};
/* End PBXNativeTarget section */

/* Begin PBXProject section */
		771D1BF91F0B8B2600919413 /* Project object */ = {
			isa = PBXProject;
			attributes = {
				LastSwiftUpdateCheck = 0830;
				LastUpgradeCheck = 0830;
				ORGANIZATIONNAME = hjanuschka;
				TargetAttributes = {
					771D1C001F0B8B2600919413 = {
						CreatedOnToolsVersion = 8.3.3;
						DevelopmentTeam = G3KGXDXQL9;
						ProvisioningStyle = Automatic;
					};
				};
			};
			buildConfigurationList = 771D1BFC1F0B8B2600919413 /* Build configuration list for PBXProject "eightbp-guides" */;
			compatibilityVersion = "Xcode 3.2";
			developmentRegion = English;
			hasScannedForEncodings = 0;
			knownRegions = (
				en,
				Base,
			);
			mainGroup = 771D1BF81F0B8B2600919413;
			productRefGroup = 771D1C021F0B8B2600919413 /* Products */;
			projectDirPath = "";
			projectRoot = "";
			targets = (
				771D1C001F0B8B2600919413 /* eightbp-guides */,
			);
		};
/* End PBXProject section */

/* Begin PBXResourcesBuildPhase section */
		771D1BFF1F0B8B2600919413 /* Resources */ = {
			isa = PBXResourcesBuildPhase;
			buildActionMask = 2147483647;
			files = (
				771D1C091F0B8B2600919413 /* Assets.xcassets in Resources */,
				771D1C0C1F0B8B2600919413 /* Main.storyboard in Resources */,
			);
			runOnlyForDeploymentPostprocessing = 0;
		};
/* End PBXResourcesBuildPhase section */

/* Begin PBXSourcesBuildPhase section */
		771D1BFD1F0B8B2600919413 /* Sources */ = {
			isa = PBXSourcesBuildPhase;
			buildActionMask = 2147483647;
			files = (
				771D1C071F0B8B2600919413 /* ViewController.swift in Sources */,
				771D1C051F0B8B2600919413 /* AppDelegate.swift in Sources */,
			);
			runOnlyForDeploymentPostprocessing = 0;
		};
/* End PBXSourcesBuildPhase section */

/* Begin PBXVariantGroup section */
		771D1C0A1F0B8B2600919413 /* Main.storyboard */ = {
			isa = PBXVariantGroup;
			children = (
				771D1C0B1F0B8B2600919413 /* Base */,
			);
			name = Main.storyboard;
			sourceTree = "<group>";
		};
/* End PBXVariantGroup section */

/* Begin XCBuildConfiguration section */
		771D1C0E1F0B8B2600919413 /* Debug */ = {
			isa = XCBuildConfiguration;
			buildSettings = {
				ALWAYS_SEARCH_USER_PATHS = NO;
				CLANG_ANALYZER_NONNULL = YES;
				CLANG_ANALYZER_NUMBER_OBJECT_CONVERSION = YES_AGGRESSIVE;
				CLANG_CXX_LANGUAGE_STANDARD = "gnu++0x";
				CLANG_CXX_LIBRARY = "libc++";
				CLANG_ENABLE_MODULES = YES;
				CLANG_ENABLE_OBJC_ARC = YES;
				CLANG_WARN_BOOL_CONVERSION = YES;
				CLANG_WARN_CONSTANT_CONVERSION = YES;
				CLANG_WARN_DIRECT_OBJC_ISA_USAGE = YES_ERROR;
				CLANG_WARN_DOCUMENTATION_COMMENTS = YES;
				CLANG_WARN_EMPTY_BODY = YES;
				CLANG_WARN_ENUM_CONVERSION = YES;
				CLANG_WARN_INFINITE_RECURSION = YES;
				CLANG_WARN_INT_CONVERSION = YES;
				CLANG_WARN_OBJC_ROOT_CLASS = YES_ERROR;
				CLANG_WARN_SUSPICIOUS_MOVE = YES;
				CLANG_WARN_UNREACHABLE_CODE = YES;
				CLANG_WARN__DUPLICATE_METHOD_MATCH = YES;
				CODE_SIGN_IDENTITY = "-";
				COPY_PHASE_STRIP = NO;
				DEBUG_INFORMATION_FORMAT = dwarf;
				ENABLE_STRICT_OBJC_MSGSEND = YES;
				ENABLE_TESTABILITY = YES;
				GCC_C_LANGUAGE_STANDARD = gnu99;
				GCC_DYNAMIC_NO_PIC = NO;
				GCC_NO_COMMON_BLOCKS = YES;
				GCC_OPTIMIZATION_LEVEL = 0;
				GCC_PREPROCESSOR_DEFINITIONS = (
					"DEBUG=1",
					"$(inherited)",
				);
				GCC_WARN_64_TO_32_BIT_CONVERSION = YES;
				GCC_WARN_ABOUT_RETURN_TYPE = YES_ERROR;
				GCC_WARN_UNDECLARED_SELECTOR = YES;
				GCC_WARN_UNINITIALIZED_AUTOS = YES_AGGRESSIVE;
				GCC_WARN_UNUSED_FUNCTION = YES;
				GCC_WARN_UNUSED_VARIABLE = YES;
				MACOSX_DEPLOYMENT_TARGET = 10.12;
				MTL_ENABLE_DEBUG_INFO = YES;
				ONLY_ACTIVE_ARCH = YES;
				SDKROOT = macosx;
				SWIFT_ACTIVE_COMPILATION_CONDITIONS = DEBUG;
				SWIFT_OPTIMIZATION_LEVEL = "-Onone";
			};
			name = Debug;
		};
		771D1C0F1F0B8B2600919413 /* Release */ = {
			isa = XCBuildConfiguration;
			buildSettings = {
				ALWAYS_SEARCH_USER_PATHS = NO;
				CLANG_ANALYZER_NONNULL = YES;
				CLANG_ANALYZER_NUMBER_OBJECT_CONVERSION = YES_AGGRESSIVE;
				CLANG_CXX_LANGUAGE_STANDARD = "gnu++0x";
				CLANG_CXX_LIBRARY = "libc++";
				CLANG_ENABLE_MODULES = YES;
				CLANG_ENABLE_OBJC_ARC = YES;
				CLANG_WARN_BOOL_CONVERSION = YES;
				CLANG_WARN_CONSTANT_CONVERSION = YES;
				CLANG_WARN_DIRECT_OBJC_ISA_USAGE = YES_ERROR;
				CLANG_WARN_DOCUMENTATION_COMMENTS = YES;
				CLANG_WARN_EMPTY_BODY = YES;
				CLANG_WARN_ENUM_CONVERSION = YES;
				CLANG_WARN_INFINITE_RECURSION = YES;
				CLANG_WARN_INT_CONVERSION = YES;
				CLANG_WARN_OBJC_ROOT_CLASS = YES_ERROR;
				CLANG_WARN_SUSPICIOUS_MOVE = YES;
				CLANG_WARN_UNREACHABLE_CODE = YES;
				CLANG_WARN__DUPLICATE_METHOD_MATCH = YES;
				CODE_SIGN_IDENTITY = "-";
				COPY_PHASE_STRIP = NO;
				DEBUG_INFORMATION_FORMAT = "dwarf-with-dsym";
				ENABLE_NS_ASSERTIONS = NO;
				ENABLE_STRICT_OBJC_MSGSEND = YES;
				GCC_C_LANGUAGE_STANDARD = gnu99;
				GCC_NO_COMMON_BLOCKS = YES;
				GCC_WARN_64_TO_32_BIT_CONVERSION = YES;
				GCC_WARN_ABOUT_RETURN_TYPE = YES_ERROR;
				GCC_WARN_UNDECLARED_SELECTOR = YES;
				GCC_WARN_UNINITIALIZED_AUTOS = YES_AGGRESSIVE;
				GCC_WARN_UNUSED_FUNCTION = YES;
				GCC_WARN_UNUSED_VARIABLE = YES;
				MACOSX_DEPLOYMENT_TARGET = 10.12;
				MTL_ENABLE_DEBUG_INFO = NO;
				SDKROOT = macosx;
				SWIFT_OPTIMIZATION_LEVEL = "-Owholemodule";
			};
			name = Release;
		};
		771D1C111F0B8B2600919413 /* Debug */ = {
			isa = XCBuildConfiguration;
			buildSettings = {
				ASSETCATALOG_COMPILER_APPICON_NAME = AppIcon;
				COMBINE_HIDPI_IMAGES = YES;
				DEVELOPMENT_TEAM = G3KGXDXQL9;
				INFOPLIST_FILE = "eightbp-guides/Info.plist";
				LD_RUNPATH_SEARCH_PATHS = "$(inherited) @executable_path/../Frameworks";
				PRODUCT_BUNDLE_IDENTIFIER = "eightbp.eightbp-guides";
				PRODUCT_NAME = "$(TARGET_NAME)";
				SWIFT_VERSION = 3.0;
			};
			name = Debug;
		};
		771D1C121F0B8B2600919413 /* Release */ = {
			isa = XCBuildConfiguration;
			buildSettings = {
				ASSETCATALOG_COMPILER_APPICON_NAME = AppIcon;
				COMBINE_HIDPI_IMAGES = YES;
				DEVELOPMENT_TEAM = G3KGXDXQL9;
				INFOPLIST_FILE = "eightbp-guides/Info.plist";
				LD_RUNPATH_SEARCH_PATHS = "$(inherited) @executable_path/../Frameworks";
				PRODUCT_BUNDLE_IDENTIFIER = "eightbp.eightbp-guides";
				PRODUCT_NAME = "$(TARGET_NAME)";
				SWIFT_VERSION = 3.0;
			};
			name = Release;
		};
/* End XCBuildConfiguration section */

/* Begin XCConfigurationList section */
		771D1BFC1F0B8B2600919413 /* Build configuration list for PBXProject "eightbp-guides" */ = {
			isa = XCConfigurationList;
			buildConfigurations = (
				771D1C0E1F0B8B2600919413 /* Debug */,
				771D1C0F1F0B8B2600919413 /* Release */,
			);
			defaultConfigurationIsVisible = 0;
			defaultConfigurationName = Release;
		};
		771D1C101F0B8B2600919413 /* Build configuration list for PBXNativeTarget "eightbp-guides" */ = {
			isa = XCConfigurationList;
			buildConfigurations = (
				771D1C111F0B8B2600919413 /* Debug */,
				771D1C121F0B8B2600919413 /* Release */,
			);
			defaultConfigurationIsVisible = 0;
		};
/* End XCConfigurationList section */
	};
	rootObject = 771D1BF91F0B8B2600919413 /* Project object */;
}
